
Microsoft Visual Studio Solution File, Format Version 12.00
# Visual Studio Version 17
VisualStudioVersion = 17.14.36310.24
MinimumVisualStudioVersion = 10.0.40219.1
Project("{FAE04EC0-301F-11D3-BF4B-00C04F79EFBC}") = "DSTN.Domain", "DSTN.Domain\DSTN.Domain.csproj", "{C72E432D-7F5A-4728-9C12-7DDAA4FEF5CD}"
EndProject
Project("{FAE04EC0-301F-11D3-BF4B-00C04F79EFBC}") = "DSTN.Application", "DSTN.Application\DSTN.Application.csproj", "{8B51C158-7589-4F8F-A2EE-71D54BCC6291}"
EndProject
Project("{FAE04EC0-301F-11D3-BF4B-00C04F79EFBC}") = "DSTN.Infrastructure", "DSTN.Infrastructure\DSTN.Infrastructure.csproj", "{264938EE-89CE-4DA3-B003-EA66613016C6}"
EndProject
Project("{FAE04EC0-301F-11D3-BF4B-00C04F79EFBC}") = "DSTN.Application.Tests", "DSTN.Application.Tests\DSTN.Application.Tests.csproj", "{C8E25F56-075A-43C4-A1FA-A56519C58DDA}"
EndProject
Project("{2150E333-8FDC-42A3-9474-1A3956D46DE8}") = "Solution Items", "Solution Items", "{02EA681E-C7D8-13C7-8484-4AC65E1B71E8}"
EndProject
Project("{FAE04EC0-301F-11D3-BF4B-00C04F79EFBC}") = "DSTN.Notifier.Worker", "DSTN.Notifier.Worker\DSTN.Notifier.Worker.csproj", "{9A65F57A-3EBD-4AAC-88A7-101D01067C53}"
EndProject
Project("{FAE04EC0-301F-11D3-BF4B-00C04F79EFBC}") = "DSTN.AdminApp.WinForms", "DSTN.AdminApp.WinForms\DSTN.AdminApp.WinForms.csproj", "{B5C493DB-C42F-4A36-8C5E-8F5EEF0B1A11}"
EndProject
Project("{FAE04EC0-301F-11D3-BF4B-00C04F79EFBC}") = "DSTN.WebAPI", "DSTN.WebAPI\DSTN.WebAPI.csproj", "{008C00E4-7179-4FF8-83D9-C906D1E83248}"
EndProject
Global
	GlobalSection(SolutionConfigurationPlatforms) = preSolution
		Debug|Any CPU = Debug|Any CPU
		Release|Any CPU = Release|Any CPU
	EndGlobalSection
	GlobalSection(ProjectConfigurationPlatforms) = postSolution
		{C72E432D-7F5A-4728-9C12-7DDAA4FEF5CD}.Debug|Any CPU.ActiveCfg = Debug|Any CPU
		{C72E432D-7F5A-4728-9C12-7DDAA4FEF5CD}.Debug|Any CPU.Build.0 = Debug|Any CPU
		{C72E432D-7F5A-4728-9C12-7DDAA4FEF5CD}.Release|Any CPU.ActiveCfg = Release|Any CPU
		{C72E432D-7F5A-4728-9C12-7DDAA4FEF5CD}.Release|Any CPU.Build.0 = Release|Any CPU
		{8B51C158-7589-4F8F-A2EE-71D54BCC6291}.Debug|Any CPU.ActiveCfg = Debug|Any CPU
		{8B51C158-7589-4F8F-A2EE-71D54BCC6291}.Debug|Any CPU.Build.0 = Debug|Any CPU
		{8B51C158-7589-4F8F-A2EE-71D54BCC6291}.Release|Any CPU.ActiveCfg = Release|Any CPU
		{8B51C158-7589-4F8F-A2EE-71D54BCC6291}.Release|Any CPU.Build.0 = Release|Any CPU
		{264938EE-89CE-4DA3-B003-EA66613016C6}.Debug|Any CPU.ActiveCfg = Debug|Any CPU
		{264938EE-89CE-4DA3-B003-EA66613016C6}.Debug|Any CPU.Build.0 = Debug|Any CPU
		{264938EE-89CE-4DA3-B003-EA66613016C6}.Release|Any CPU.ActiveCfg = Release|Any CPU
		{264938EE-89CE-4DA3-B003-EA66613016C6}.Release|Any CPU.Build.0 = Release|Any CPU
		{C8E25F56-075A-43C4-A1FA-A56519C58DDA}.Debug|Any CPU.ActiveCfg = Debug|Any CPU
		{C8E25F56-075A-43C4-A1FA-A56519C58DDA}.Debug|Any CPU.Build.0 = Debug|Any CPU
		{C8E25F56-075A-43C4-A1FA-A56519C58DDA}.Release|Any CPU.ActiveCfg = Release|Any CPU
		{C8E25F56-075A-43C4-A1FA-A56519C58DDA}.Release|Any CPU.Build.0 = Release|Any CPU
		{9A65F57A-3EBD-4AAC-88A7-101D01067C53}.Debug|Any CPU.ActiveCfg = Debug|Any CPU
		{9A65F57A-3EBD-4AAC-88A7-101D01067C53}.Debug|Any CPU.Build.0 = Debug|Any CPU
		{9A65F57A-3EBD-4AAC-88A7-101D01067C53}.Release|Any CPU.ActiveCfg = Release|Any CPU
		{9A65F57A-3EBD-4AAC-88A7-101D01067C53}.Release|Any CPU.Build.0 = Release|Any CPU
		{B5C493DB-C42F-4A36-8C5E-8F5EEF0B1A11}.Debug|Any CPU.ActiveCfg = Debug|Any CPU
		{B5C493DB-C42F-4A36-8C5E-8F5EEF0B1A11}.Debug|Any CPU.Build.0 = Debug|Any CPU
		{B5C493DB-C42F-4A36-8C5E-8F5EEF0B1A11}.Release|Any CPU.ActiveCfg = Release|Any CPU
		{B5C493DB-C42F-4A36-8C5E-8F5EEF0B1A11}.Release|Any CPU.Build.0 = Release|Any CPU
		{008C00E4-7179-4FF8-83D9-C906D1E83248}.Debug|Any CPU.ActiveCfg = Debug|Any CPU
		{008C00E4-7179-4FF8-83D9-C906D1E83248}.Debug|Any CPU.Build.0 = Debug|Any CPU
		{008C00E4-7179-4FF8-83D9-C906D1E83248}.Release|Any CPU.ActiveCfg = Release|Any CPU
		{008C00E4-7179-4FF8-83D9-C906D1E83248}.Release|Any CPU.Build.0 = Release|Any CPU
	EndGlobalSection
	GlobalSection(SolutionProperties) = preSolution
		HideSolutionNode = FALSE
	EndGlobalSection
	GlobalSection(ExtensibilityGlobals) = postSolution
		SolutionGuid = {685CF051-F545-4857-8862-187B55180758}
	EndGlobalSection
EndGlobal
